// !$*UTF8*$!
{
	archiveVersion = 1;
	classes = {
	};
	objectVersion = 46;
	objects = {

/* Begin PBXBuildFile section */
		5371D1791C50693B00ECE17F /* 07lianduilie-queue.c in Sources */ = {isa = PBXBuildFile; fileRef = 53B8C4831C4D24EF00987483 /* 07lianduilie-queue.c */; };
/* End PBXBuildFile section */

/* Begin PBXCopyFilesBuildPhase section */
		53B8C4331C4D196D00987483 /* CopyFiles */ = {
			isa = PBXCopyFilesBuildPhase;
			buildActionMask = 2147483647;
			dstPath = /usr/share/man/man1/;
			dstSubfolderSpec = 0;
			files = (
			);
			runOnlyForDeploymentPostprocessing = 1;
		};
/* End PBXCopyFilesBuildPhase section */

/* Begin PBXFileReference section */
		53B8C4351C4D196D00987483 /* test */ = {isa = PBXFileReference; explicitFileType = "compiled.mach-o.executable"; includeInIndex = 0; path = test; sourceTree = BUILT_PRODUCTS_DIR; };
		53B8C45B1C4D1BA200987483 /* Array_point_1.c */ = {isa = PBXFileReference; fileEncoding = 4; lastKnownFileType = sourcecode.c.c; name = Array_point_1.c; path = practise/Array_point_1.c; sourceTree = "<group>"; };
		53B8C45C1C4D1BA200987483 /* Array_point_2.c */ = {isa = PBXFileReference; fileEncoding = 4; lastKnownFileType = sourcecode.c.c; name = Array_point_2.c; path = practise/Array_point_2.c; sourceTree = "<group>"; };
		53B8C45E1C4D1BA200987483 /* malloc_arr.c */ = {isa = PBXFileReference; fileEncoding = 4; lastKnownFileType = sourcecode.c.c; name = malloc_arr.c; path = practise/malloc_arr.c; sourceTree = "<group>"; };
		53B8C45F1C4D1BA200987483 /* malloc_struct.c */ = {isa = PBXFileReference; fileEncoding = 4; lastKnownFileType = sourcecode.c.c; name = malloc_struct.c; path = practise/malloc_struct.c; sourceTree = "<group>"; };
		53B8C4601C4D1BA200987483 /* point_1.c */ = {isa = PBXFileReference; fileEncoding = 4; lastKnownFileType = sourcecode.c.c; name = point_1.c; path = practise/point_1.c; sourceTree = "<group>"; };
		53B8C4611C4D1BA200987483 /* point_2.c */ = {isa = PBXFileReference; fileEncoding = 4; lastKnownFileType = sourcecode.c.c; name = point_2.c; path = practise/point_2.c; sourceTree = "<group>"; };
		53B8C4621C4D1BA200987483 /* struct.c */ = {isa = PBXFileReference; fileEncoding = 4; lastKnownFileType = sourcecode.c.c; name = struct.c; path = practise/struct.c; sourceTree = "<group>"; };
		53B8C46C1C4D1BE100987483 /* Array.c */ = {isa = PBXFileReference; fileEncoding = 4; lastKnownFileType = sourcecode.c.c; name = Array.c; path = haobin/Array.c; sourceTree = "<group>"; };
		53B8C46D1C4D1BE100987483 /* FastSort.c */ = {isa = PBXFileReference; fileEncoding = 4; lastKnownFileType = sourcecode.c.c; name = FastSort.c; path = haobin/FastSort.c; sourceTree = "<group>"; };
		53B8C46E1C4D1BE100987483 /* Hanoi.c */ = {isa = PBXFileReference; fileEncoding = 4; lastKnownFileType = sourcecode.c.c; name = Hanoi.c; path = haobin/Hanoi.c; sourceTree = "<group>"; };
		53B8C46F1C4D1BE100987483 /* List.c */ = {isa = PBXFileReference; fileEncoding = 4; lastKnownFileType = sourcecode.c.c; name = List.c; path = haobin/List.c; sourceTree = "<group>"; };
		53B8C4701C4D1BE100987483 /* queue.c */ = {isa = PBXFileReference; fileEncoding = 4; lastKnownFileType = sourcecode.c.c; name = queue.c; path = haobin/queue.c; sourceTree = "<group>"; };
		53B8C4711C4D1BE100987483 /* recurison.c */ = {isa = PBXFileReference; fileEncoding = 4; lastKnownFileType = sourcecode.c.c; name = recurison.c; path = haobin/recurison.c; sourceTree = "<group>"; };
		53B8C4721C4D1BE100987483 /* Stack.c */ = {isa = PBXFileReference; fileEncoding = 4; lastKnownFileType = sourcecode.c.c; name = Stack.c; path = haobin/Stack.c; sourceTree = "<group>"; };
		53B8C4731C4D1BE100987483 /* Tree.c */ = {isa = PBXFileReference; fileEncoding = 4; lastKnownFileType = sourcecode.c.c; name = Tree.c; path = haobin/Tree.c; sourceTree = "<group>"; };
		53B8C47C1C4D1E2500987483 /* 06顺序队列_queue.c */ = {isa = PBXFileReference; lastKnownFileType = sourcecode.c.c; name = "06顺序队列_queue.c"; path = "list/06顺序队列_queue.c"; sourceTree = SOURCE_ROOT; };
		53B8C47D1C4D1E2500987483 /* 05Fibonacci_stack.c */ = {isa = PBXFileReference; lastKnownFileType = sourcecode.c.c; name = 05Fibonacci_stack.c; path = list/05Fibonacci_stack.c; sourceTree = SOURCE_ROOT; };
		53B8C47E1C4D1E2500987483 /* 04lianzhan_stack.c */ = {isa = PBXFileReference; lastKnownFileType = sourcecode.c.c; name = 04lianzhan_stack.c; path = list/04lianzhan_stack.c; sourceTree = SOURCE_ROOT; };
		53B8C47F1C4D1E2500987483 /* 03shunxuzhan_stack.c */ = {isa = PBXFileReference; lastKnownFileType = sourcecode.c.c; name = 03shunxuzhan_stack.c; path = list/03shunxuzhan_stack.c; sourceTree = SOURCE_ROOT; };
		53B8C4801C4D1E2500987483 /* 02线性表链式存储_LinkList.c */ = {isa = PBXFileReference; lastKnownFileType = sourcecode.c.c; name = "02线性表链式存储_LinkList.c"; path = "list/02线性表链式存储_LinkList.c"; sourceTree = SOURCE_ROOT; };
		53B8C4811C4D1E2500987483 /* 01线性表顺序存储_List.c */ = {isa = PBXFileReference; lastKnownFileType = sourcecode.c.c; name = "01线性表顺序存储_List.c"; path = "list/01线性表顺序存储_List.c"; sourceTree = SOURCE_ROOT; };
		53B8C4831C4D24EF00987483 /* 07lianduilie-queue.c */ = {isa = PBXFileReference; fileEncoding = 4; lastKnownFileType = sourcecode.c.c; name = "07lianduilie-queue.c"; path = "test.xcodeproj/../list/07lianduilie-queue.c"; sourceTree = SOURCE_ROOT; };
/* End PBXFileReference section */

/* Begin PBXFrameworksBuildPhase section */
		53B8C4321C4D196D00987483 /* Frameworks */ = {
			isa = PBXFrameworksBuildPhase;
			buildActionMask = 2147483647;
			files = (
			);
			runOnlyForDeploymentPostprocessing = 0;
		};
/* End PBXFrameworksBuildPhase section */

/* Begin PBXGroup section */
		53B8C42C1C4D196D00987483 = {
			isa = PBXGroup;
			children = (
				53B8C46B1C4D1BA900987483 /* haobin */,
				53B8C4581C4D1B0800987483 /* practise */,
				53B8C4371C4D196D00987483 /* list */,
				53B8C4361C4D196D00987483 /* Products */,
			);
			sourceTree = "<group>";
		};
		53B8C4361C4D196D00987483 /* Products */ = {
			isa = PBXGroup;
			children = (
				53B8C4351C4D196D00987483 /* test */,
			);
			name = Products;
			sourceTree = "<group>";
		};
		53B8C4371C4D196D00987483 /* list */ = {
			isa = PBXGroup;
			children = (
				53B8C4831C4D24EF00987483 /* 07lianduilie-queue.c */,
				53B8C47C1C4D1E2500987483 /* 06顺序队列_queue.c */,
				53B8C47D1C4D1E2500987483 /* 05Fibonacci_stack.c */,
				53B8C47E1C4D1E2500987483 /* 04lianzhan_stack.c */,
				53B8C47F1C4D1E2500987483 /* 03shunxuzhan_stack.c */,
				53B8C4801C4D1E2500987483 /* 02线性表链式存储_LinkList.c */,
				53B8C4811C4D1E2500987483 /* 01线性表顺序存储_List.c */,
			);
			name = list;
			path = test;
			sourceTree = "<group>";
		};
		53B8C4581C4D1B0800987483 /* practise */ = {
			isa = PBXGroup;
			children = (
				53B8C45B1C4D1BA200987483 /* Array_point_1.c */,
				53B8C45C1C4D1BA200987483 /* Array_point_2.c */,
				53B8C45E1C4D1BA200987483 /* malloc_arr.c */,
				53B8C45F1C4D1BA200987483 /* malloc_struct.c */,
				53B8C4601C4D1BA200987483 /* point_1.c */,
				53B8C4611C4D1BA200987483 /* point_2.c */,
				53B8C4621C4D1BA200987483 /* struct.c */,
			);
			name = practise;
			sourceTree = "<group>";
		};
		53B8C46B1C4D1BA900987483 /* haobin */ = {
			isa = PBXGroup;
			children = (
				53B8C46C1C4D1BE100987483 /* Array.c */,
				53B8C46D1C4D1BE100987483 /* FastSort.c */,
				53B8C46E1C4D1BE100987483 /* Hanoi.c */,
				53B8C46F1C4D1BE100987483 /* List.c */,
				53B8C4701C4D1BE100987483 /* queue.c */,
				53B8C4711C4D1BE100987483 /* recurison.c */,
				53B8C4721C4D1BE100987483 /* Stack.c */,
				53B8C4731C4D1BE100987483 /* Tree.c */,
			);
			name = haobin;
			sourceTree = "<group>";
		};
/* End PBXGroup section */

/* Begin PBXNativeTarget section */
		53B8C4341C4D196D00987483 /* test */ = {
			isa = PBXNativeTarget;
			buildConfigurationList = 53B8C43C1C4D196D00987483 /* Build configuration list for PBXNativeTarget "test" */;
			buildPhases = (
				53B8C4311C4D196D00987483 /* Sources */,
				53B8C4321C4D196D00987483 /* Frameworks */,
				53B8C4331C4D196D00987483 /* CopyFiles */,
			);
			buildRules = (
			);
			dependencies = (
			);
			name = test;
			productName = test;
			productReference = 53B8C4351C4D196D00987483 /* test */;
			productType = "com.apple.product-type.tool";
		};
/* End PBXNativeTarget section */

/* Begin PBXProject section */
		53B8C42D1C4D196D00987483 /* Project object */ = {
			isa = PBXProject;
			attributes = {
				LastUpgradeCheck = 0640;
				ORGANIZATIONNAME = zhengying;
				TargetAttributes = {
					53B8C4341C4D196D00987483 = {
						CreatedOnToolsVersion = 6.4;
					};
				};
			};
			buildConfigurationList = 53B8C4301C4D196D00987483 /* Build configuration list for PBXProject "test" */;
			compatibilityVersion = "Xcode 3.2";
			developmentRegion = English;
			hasScannedForEncodings = 0;
			knownRegions = (
				en,
			);
			mainGroup = 53B8C42C1C4D196D00987483;
			productRefGroup = 53B8C4361C4D196D00987483 /* Products */;
			projectDirPath = "";
			projectRoot = "";
			targets = (
				53B8C4341C4D196D00987483 /* test */,
			);
		};
/* End PBXProject section */

/* Begin PBXSourcesBuildPhase section */
		53B8C4311C4D196D00987483 /* Sources */ = {
			isa = PBXSourcesBuildPhase;
			buildActionMask = 2147483647;
			files = (
				5371D1791C50693B00ECE17F /* 07lianduilie-queue.c in Sources */,
			);
			runOnlyForDeploymentPostprocessing = 0;
		};
/* End PBXSourcesBuildPhase section */

/* Begin XCBuildConfiguration section */
		53B8C43A1C4D196D00987483 /* Debug */ = {
			isa = XCBuildConfiguration;
			buildSettings = {
				ALWAYS_SEARCH_USER_PATHS = NO;
				CLANG_CXX_LANGUAGE_STANDARD = "gnu++0x";
				CLANG_CXX_LIBRARY = "libc++";
				CLANG_ENABLE_MODULES = YES;
				CLANG_ENABLE_OBJC_ARC = YES;
				CLANG_WARN_BOOL_CONVERSION = YES;
				CLANG_WARN_CONSTANT_CONVERSION = YES;
				CLANG_WARN_DIRECT_OBJC_ISA_USAGE = YES_ERROR;
				CLANG_WARN_EMPTY_BODY = YES;
				CLANG_WARN_ENUM_CONVERSION = YES;
				CLANG_WARN_INT_CONVERSION = YES;
				CLANG_WARN_OBJC_ROOT_CLASS = YES_ERROR;
				CLANG_WARN_UNREACHABLE_CODE = YES;
				CLANG_WARN__DUPLICATE_METHOD_MATCH = YES;
				COPY_PHASE_STRIP = NO;
				DEBUG_INFORMATION_FORMAT = dwarf;
				ENABLE_STRICT_OBJC_MSGSEND = YES;
				GCC_C_LANGUAGE_STANDARD = gnu99;
				GCC_DYNAMIC_NO_PIC = NO;
				GCC_NO_COMMON_BLOCKS = YES;
				GCC_OPTIMIZATION_LEVEL = 0;
				GCC_PREPROCESSOR_DEFINITIONS = (
					"DEBUG=1",
					"$(inherited)",
				);
				GCC_SYMBOLS_PRIVATE_EXTERN = NO;
				GCC_WARN_64_TO_32_BIT_CONVERSION = YES;
				GCC_WARN_ABOUT_RETURN_TYPE = YES_ERROR;
				GCC_WARN_UNDECLARED_SELECTOR = YES;
				GCC_WARN_UNINITIALIZED_AUTOS = YES_AGGRESSIVE;
				GCC_WARN_UNUSED_FUNCTION = YES;
				GCC_WARN_UNUSED_VARIABLE = YES;
				MACOSX_DEPLOYMENT_TARGET = 10.11;
				MTL_ENABLE_DEBUG_INFO = YES;
				ONLY_ACTIVE_ARCH = YES;
				SDKROOT = macosx;
			};
			name = Debug;
		};
		53B8C43B1C4D196D00987483 /* Release */ = {
			isa = XCBuildConfiguration;
			buildSettings = {
				ALWAYS_SEARCH_USER_PATHS = NO;
				CLANG_CXX_LANGUAGE_STANDARD = "gnu++0x";
				CLANG_CXX_LIBRARY = "libc++";
				CLANG_ENABLE_MODULES = YES;
				CLANG_ENABLE_OBJC_ARC = YES;
				CLANG_WARN_BOOL_CONVERSION = YES;
				CLANG_WARN_CONSTANT_CONVERSION = YES;
				CLANG_WARN_DIRECT_OBJC_ISA_USAGE = YES_ERROR;
				CLANG_WARN_EMPTY_BODY = YES;
				CLANG_WARN_ENUM_CONVERSION = YES;
				CLANG_WARN_INT_CONVERSION = YES;
				CLANG_WARN_OBJC_ROOT_CLASS = YES_ERROR;
				CLANG_WARN_UNREACHABLE_CODE = YES;
				CLANG_WARN__DUPLICATE_METHOD_MATCH = YES;
				COPY_PHASE_STRIP = NO;
				DEBUG_INFORMATION_FORMAT = "dwarf-with-dsym";
				ENABLE_NS_ASSERTIONS = NO;
				ENABLE_STRICT_OBJC_MSGSEND = YES;
				GCC_C_LANGUAGE_STANDARD = gnu99;
				GCC_NO_COMMON_BLOCKS = YES;
				GCC_WARN_64_TO_32_BIT_CONVERSION = YES;
				GCC_WARN_ABOUT_RETURN_TYPE = YES_ERROR;
				GCC_WARN_UNDECLARED_SELECTOR = YES;
				GCC_WARN_UNINITIALIZED_AUTOS = YES_AGGRESSIVE;
				GCC_WARN_UNUSED_FUNCTION = YES;
				GCC_WARN_UNUSED_VARIABLE = YES;
				MACOSX_DEPLOYMENT_TARGET = 10.11;
				MTL_ENABLE_DEBUG_INFO = NO;
				SDKROOT = macosx;
			};
			name = Release;
		};
		53B8C43D1C4D196D00987483 /* Debug */ = {
			isa = XCBuildConfiguration;
			buildSettings = {
				PRODUCT_NAME = "$(TARGET_NAME)";
			};
			name = Debug;
		};
		53B8C43E1C4D196D00987483 /* Release */ = {
			isa = XCBuildConfiguration;
			buildSettings = {
				PRODUCT_NAME = "$(TARGET_NAME)";
			};
			name = Release;
		};
/* End XCBuildConfiguration section */

/* Begin XCConfigurationList section */
		53B8C4301C4D196D00987483 /* Build configuration list for PBXProject "test" */ = {
			isa = XCConfigurationList;
			buildConfigurations = (
				53B8C43A1C4D196D00987483 /* Debug */,
				53B8C43B1C4D196D00987483 /* Release */,
			);
			defaultConfigurationIsVisible = 0;
			defaultConfigurationName = Release;
		};
		53B8C43C1C4D196D00987483 /* Build configuration list for PBXNativeTarget "test" */ = {
			isa = XCConfigurationList;
			buildConfigurations = (
				53B8C43D1C4D196D00987483 /* Debug */,
				53B8C43E1C4D196D00987483 /* Release */,
			);
			defaultConfigurationIsVisible = 0;
			defaultConfigurationName = Release;
		};
/* End XCConfigurationList section */
	};
	rootObject = 53B8C42D1C4D196D00987483 /* Project object */;
}
